// !$*UTF8*$!
{
	archiveVersion = 1;
	classes = {
	};
	objectVersion = 56;
	objects = {

/* Begin PBXBuildFile section */
		478F55E828F29A460069486C /* UI_693App.swift in Sources */ = {isa = PBXBuildFile; fileRef = 478F55E728F29A460069486C /* UI_693App.swift */; };
		478F55EA28F29A460069486C /* ContentView.swift in Sources */ = {isa = PBXBuildFile; fileRef = 478F55E928F29A460069486C /* ContentView.swift */; };
		478F55EC28F29A470069486C /* Assets.xcassets in Resources */ = {isa = PBXBuildFile; fileRef = 478F55EB28F29A470069486C /* Assets.xcassets */; };
		478F55EF28F29A470069486C /* Preview Assets.xcassets in Resources */ = {isa = PBXBuildFile; fileRef = 478F55EE28F29A470069486C /* Preview Assets.xcassets */; };
		478F55F928F29A470069486C /* UI_693Tests.swift in Sources */ = {isa = PBXBuildFile; fileRef = 478F55F828F29A470069486C /* UI_693Tests.swift */; };
		478F560328F29A470069486C /* UI_693UITests.swift in Sources */ = {isa = PBXBuildFile; fileRef = 478F560228F29A470069486C /* UI_693UITests.swift */; };
		478F560528F29A470069486C /* UI_693UITestsLaunchTests.swift in Sources */ = {isa = PBXBuildFile; fileRef = 478F560428F29A470069486C /* UI_693UITestsLaunchTests.swift */; };
		478F561328F29A6F0069486C /* Home.swift in Sources */ = {isa = PBXBuildFile; fileRef = 478F561228F29A6F0069486C /* Home.swift */; };
/* End PBXBuildFile section */

/* Begin PBXContainerItemProxy section */
		478F55F528F29A470069486C /* PBXContainerItemProxy */ = {
			isa = PBXContainerItemProxy;
			containerPortal = 478F55DC28F29A460069486C /* Project object */;
			proxyType = 1;
			remoteGlobalIDString = 478F55E328F29A460069486C;
			remoteInfo = "UI-693";
		};
		478F55FF28F29A470069486C /* PBXContainerItemProxy */ = {
			isa = PBXContainerItemProxy;
			containerPortal = 478F55DC28F29A460069486C /* Project object */;
			proxyType = 1;
			remoteGlobalIDString = 478F55E328F29A460069486C;
			remoteInfo = "UI-693";
		};
/* End PBXContainerItemProxy section */

/* Begin PBXFileReference section */
		478F55E428F29A460069486C /* UI-693.app */ = {isa = PBXFileReference; explicitFileType = wrapper.application; includeInIndex = 0; path = "UI-693.app"; sourceTree = BUILT_PRODUCTS_DIR; };
		478F55E728F29A460069486C /* UI_693App.swift */ = {isa = PBXFileReference; lastKnownFileType = sourcecode.swift; path = UI_693App.swift; sourceTree = "<group>"; };
		478F55E928F29A460069486C /* ContentView.swift */ = {isa = PBXFileReference; lastKnownFileType = sourcecode.swift; path = ContentView.swift; sourceTree = "<group>"; };
		478F55EB28F29A470069486C /* Assets.xcassets */ = {isa = PBXFileReference; lastKnownFileType = folder.assetcatalog; path = Assets.xcassets; sourceTree = "<group>"; };
		478F55EE28F29A470069486C /* Preview Assets.xcassets */ = {isa = PBXFileReference; lastKnownFileType = folder.assetcatalog; path = "Preview Assets.xcassets"; sourceTree = "<group>"; };
		478F55F428F29A470069486C /* UI-693Tests.xctest */ = {isa = PBXFileReference; explicitFileType = wrapper.cfbundle; includeInIndex = 0; path = "UI-693Tests.xctest"; sourceTree = BUILT_PRODUCTS_DIR; };
		478F55F828F29A470069486C /* UI_693Tests.swift */ = {isa = PBXFileReference; lastKnownFileType = sourcecode.swift; path = UI_693Tests.swift; sourceTree = "<group>"; };
		478F55FE28F29A470069486C /* UI-693UITests.xctest */ = {isa = PBXFileReference; explicitFileType = wrapper.cfbundle; includeInIndex = 0; path = "UI-693UITests.xctest"; sourceTree = BUILT_PRODUCTS_DIR; };
		478F560228F29A470069486C /* UI_693UITests.swift */ = {isa = PBXFileReference; lastKnownFileType = sourcecode.swift; path = UI_693UITests.swift; sourceTree = "<group>"; };
		478F560428F29A470069486C /* UI_693UITestsLaunchTests.swift */ = {isa = PBXFileReference; lastKnownFileType = sourcecode.swift; path = UI_693UITestsLaunchTests.swift; sourceTree = "<group>"; };
		478F561228F29A6F0069486C /* Home.swift */ = {isa = PBXFileReference; lastKnownFileType = sourcecode.swift; path = Home.swift; sourceTree = "<group>"; };
/* End PBXFileReference section */

/* Begin PBXFrameworksBuildPhase section */
		478F55E128F29A460069486C /* Frameworks */ = {
			isa = PBXFrameworksBuildPhase;
			buildActionMask = 2147483647;
			files = (
			);
			runOnlyForDeploymentPostprocessing = 0;
		};
		478F55F128F29A470069486C /* Frameworks */ = {
			isa = PBXFrameworksBuildPhase;
			buildActionMask = 2147483647;
			files = (
			);
			runOnlyForDeploymentPostprocessing = 0;
		};
		478F55FB28F29A470069486C /* Frameworks */ = {
			isa = PBXFrameworksBuildPhase;
			buildActionMask = 2147483647;
			files = (
			);
			runOnlyForDeploymentPostprocessing = 0;
		};
/* End PBXFrameworksBuildPhase section */

/* Begin PBXGroup section */
		478F55DB28F29A460069486C = {
			isa = PBXGroup;
			children = (
				478F55E628F29A460069486C /* UI-693 */,
				478F55F728F29A470069486C /* UI-693Tests */,
				478F560128F29A470069486C /* UI-693UITests */,
				478F55E528F29A460069486C /* Products */,
			);
			sourceTree = "<group>";
		};
		478F55E528F29A460069486C /* Products */ = {
			isa = PBXGroup;
			children = (
				478F55E428F29A460069486C /* UI-693.app */,
				478F55F428F29A470069486C /* UI-693Tests.xctest */,
				478F55FE28F29A470069486C /* UI-693UITests.xctest */,
			);
			name = Products;
			sourceTree = "<group>";
		};
		478F55E628F29A460069486C /* UI-693 */ = {
			isa = PBXGroup;
			children = (
				478F561128F29A6B0069486C /* View */,
				478F55E728F29A460069486C /* UI_693App.swift */,
				478F55E928F29A460069486C /* ContentView.swift */,
				478F55EB28F29A470069486C /* Assets.xcassets */,
				478F55ED28F29A470069486C /* Preview Content */,
			);
			path = "UI-693";
			sourceTree = "<group>";
		};
		478F55ED28F29A470069486C /* Preview Content */ = {
			isa = PBXGroup;
			children = (
				478F55EE28F29A470069486C /* Preview Assets.xcassets */,
			);
			path = "Preview Content";
			sourceTree = "<group>";
		};
		478F55F728F29A470069486C /* UI-693Tests */ = {
			isa = PBXGroup;
			children = (
				478F55F828F29A470069486C /* UI_693Tests.swift */,
			);
			path = "UI-693Tests";
			sourceTree = "<group>";
		};
		478F560128F29A470069486C /* UI-693UITests */ = {
			isa = PBXGroup;
			children = (
				478F560228F29A470069486C /* UI_693UITests.swift */,
				478F560428F29A470069486C /* UI_693UITestsLaunchTests.swift */,
			);
			path = "UI-693UITests";
			sourceTree = "<group>";
		};
		478F561128F29A6B0069486C /* View */ = {
			isa = PBXGroup;
			children = (
				478F561228F29A6F0069486C /* Home.swift */,
			);
			path = View;
			sourceTree = "<group>";
		};
/* End PBXGroup section */

/* Begin PBXNativeTarget section */
		478F55E328F29A460069486C /* UI-693 */ = {
			isa = PBXNativeTarget;
			buildConfigurationList = 478F560828F29A470069486C /* Build configuration list for PBXNativeTarget "UI-693" */;
			buildPhases = (
				478F55E028F29A460069486C /* Sources */,
				478F55E128F29A460069486C /* Frameworks */,
				478F55E228F29A460069486C /* Resources */,
			);
			buildRules = (
			);
			dependencies = (
			);
			name = "UI-693";
			productName = "UI-693";
			productReference = 478F55E428F29A460069486C /* UI-693.app */;
			productType = "com.apple.product-type.application";
		};
		478F55F328F29A470069486C /* UI-693Tests */ = {
			isa = PBXNativeTarget;
			buildConfigurationList = 478F560B28F29A470069486C /* Build configuration list for PBXNativeTarget "UI-693Tests" */;
			buildPhases = (
				478F55F028F29A470069486C /* Sources */,
				478F55F128F29A470069486C /* Frameworks */,
				478F55F228F29A470069486C /* Resources */,
			);
			buildRules = (
			);
			dependencies = (
				478F55F628F29A470069486C /* PBXTargetDependency */,
			);
			name = "UI-693Tests";
			productName = "UI-693Tests";
			productReference = 478F55F428F29A470069486C /* UI-693Tests.xctest */;
			productType = "com.apple.product-type.bundle.unit-test";
		};
		478F55FD28F29A470069486C /* UI-693UITests */ = {
			isa = PBXNativeTarget;
			buildConfigurationList = 478F560E28F29A470069486C /* Build configuration list for PBXNativeTarget "UI-693UITests" */;
			buildPhases = (
				478F55FA28F29A470069486C /* Sources */,
				478F55FB28F29A470069486C /* Frameworks */,
				478F55FC28F29A470069486C /* Resources */,
			);
			buildRules = (
			);
			dependencies = (
				478F560028F29A470069486C /* PBXTargetDependency */,
			);
			name = "UI-693UITests";
			productName = "UI-693UITests";
			productReference = 478F55FE28F29A470069486C /* UI-693UITests.xctest */;
			productType = "com.apple.product-type.bundle.ui-testing";
		};
/* End PBXNativeTarget section */

/* Begin PBXProject section */
		478F55DC28F29A460069486C /* Project object */ = {
			isa = PBXProject;
			attributes = {
				BuildIndependentTargetsInParallel = 1;
				LastSwiftUpdateCheck = 1410;
				LastUpgradeCheck = 1410;
				TargetAttributes = {
					478F55E328F29A460069486C = {
						CreatedOnToolsVersion = 14.1;
					};
					478F55F328F29A470069486C = {
						CreatedOnToolsVersion = 14.1;
						TestTargetID = 478F55E328F29A460069486C;
					};
					478F55FD28F29A470069486C = {
						CreatedOnToolsVersion = 14.1;
						TestTargetID = 478F55E328F29A460069486C;
					};
				};
			};
			buildConfigurationList = 478F55DF28F29A460069486C /* Build configuration list for PBXProject "UI-693" */;
			compatibilityVersion = "Xcode 14.0";
			developmentRegion = en;
			hasScannedForEncodings = 0;
			knownRegions = (
				en,
				Base,
			);
			mainGroup = 478F55DB28F29A460069486C;
			productRefGroup = 478F55E528F29A460069486C /* Products */;
			projectDirPath = "";
			projectRoot = "";
			targets = (
				478F55E328F29A460069486C /* UI-693 */,
				478F55F328F29A470069486C /* UI-693Tests */,
				478F55FD28F29A470069486C /* UI-693UITests */,
			);
		};
/* End PBXProject section */

/* Begin PBXResourcesBuildPhase section */
		478F55E228F29A460069486C /* Resources */ = {
			isa = PBXResourcesBuildPhase;
			buildActionMask = 2147483647;
			files = (
				478F55EF28F29A470069486C /* Preview Assets.xcassets in Resources */,
				478F55EC28F29A470069486C /* Assets.xcassets in Resources */,
			);
			runOnlyForDeploymentPostprocessing = 0;
		};
		478F55F228F29A470069486C /* Resources */ = {
			isa = PBXResourcesBuildPhase;
			buildActionMask = 2147483647;
			files = (
			);
			runOnlyForDeploymentPostprocessing = 0;
		};
		478F55FC28F29A470069486C /* Resources */ = {
			isa = PBXResourcesBuildPhase;
			buildActionMask = 2147483647;
			files = (
			);
			runOnlyForDeploymentPostprocessing = 0;
		};
/* End PBXResourcesBuildPhase section */

/* Begin PBXSourcesBuildPhase section */
		478F55E028F29A460069486C /* Sources */ = {
			isa = PBXSourcesBuildPhase;
			buildActionMask = 2147483647;
			files = (
				478F55EA28F29A460069486C /* ContentView.swift in Sources */,
				478F561328F29A6F0069486C /* Home.swift in Sources */,
				478F55E828F29A460069486C /* UI_693App.swift in Sources */,
			);
			runOnlyForDeploymentPostprocessing = 0;
		};
		478F55F028F29A470069486C /* Sources */ = {
			isa = PBXSourcesBuildPhase;
			buildActionMask = 2147483647;
			files = (
				478F55F928F29A470069486C /* UI_693Tests.swift in Sources */,
			);
			runOnlyForDeploymentPostprocessing = 0;
		};
		478F55FA28F29A470069486C /* Sources */ = {
			isa = PBXSourcesBuildPhase;
			buildActionMask = 2147483647;
			files = (
				478F560328F29A470069486C /* UI_693UITests.swift in Sources */,
				478F560528F29A470069486C /* UI_693UITestsLaunchTests.swift in Sources */,
			);
			runOnlyForDeploymentPostprocessing = 0;
		};
/* End PBXSourcesBuildPhase section */

/* Begin PBXTargetDependency section */
		478F55F628F29A470069486C /* PBXTargetDependency */ = {
			isa = PBXTargetDependency;
			target = 478F55E328F29A460069486C /* UI-693 */;
			targetProxy = 478F55F528F29A470069486C /* PBXContainerItemProxy */;
		};
		478F560028F29A470069486C /* PBXTargetDependency */ = {
			isa = PBXTargetDependency;
			target = 478F55E328F29A460069486C /* UI-693 */;
			targetProxy = 478F55FF28F29A470069486C /* PBXContainerItemProxy */;
		};
/* End PBXTargetDependency section */

/* Begin XCBuildConfiguration section */
		478F560628F29A470069486C /* Debug */ = {
			isa = XCBuildConfiguration;
			buildSettings = {
				ALWAYS_SEARCH_USER_PATHS = NO;
				CLANG_ANALYZER_NONNULL = YES;
				CLANG_ANALYZER_NUMBER_OBJECT_CONVERSION = YES_AGGRESSIVE;
				CLANG_CXX_LANGUAGE_STANDARD = "gnu++20";
				CLANG_ENABLE_MODULES = YES;
				CLANG_ENABLE_OBJC_ARC = YES;
				CLANG_ENABLE_OBJC_WEAK = YES;
				CLANG_WARN_BLOCK_CAPTURE_AUTORELEASING = YES;
				CLANG_WARN_BOOL_CONVERSION = YES;
				CLANG_WARN_COMMA = YES;
				CLANG_WARN_CONSTANT_CONVERSION = YES;
				CLANG_WARN_DEPRECATED_OBJC_IMPLEMENTATIONS = YES;
				CLANG_WARN_DIRECT_OBJC_ISA_USAGE = YES_ERROR;
				CLANG_WARN_DOCUMENTATION_COMMENTS = YES;
				CLANG_WARN_EMPTY_BODY = YES;
				CLANG_WARN_ENUM_CONVERSION = YES;
				CLANG_WARN_INFINITE_RECURSION = YES;
				CLANG_WARN_INT_CONVERSION = YES;
				CLANG_WARN_NON_LITERAL_NULL_CONVERSION = YES;
				CLANG_WARN_OBJC_IMPLICIT_RETAIN_SELF = YES;
				CLANG_WARN_OBJC_LITERAL_CONVERSION = YES;
				CLANG_WARN_OBJC_ROOT_CLASS = YES_ERROR;
				CLANG_WARN_QUOTED_INCLUDE_IN_FRAMEWORK_HEADER = YES;
				CLANG_WARN_RANGE_LOOP_ANALYSIS = YES;
				CLANG_WARN_STRICT_PROTOTYPES = YES;
				CLANG_WARN_SUSPICIOUS_MOVE = YES;
				CLANG_WARN_UNGUARDED_AVAILABILITY = YES_AGGRESSIVE;
				CLANG_WARN_UNREACHABLE_CODE = YES;
				CLANG_WARN__DUPLICATE_METHOD_MATCH = YES;
				COPY_PHASE_STRIP = NO;
				DEBUG_INFORMATION_FORMAT = dwarf;
				ENABLE_STRICT_OBJC_MSGSEND = YES;
				ENABLE_TESTABILITY = YES;
				GCC_C_LANGUAGE_STANDARD = gnu11;
				GCC_DYNAMIC_NO_PIC = NO;
				GCC_NO_COMMON_BLOCKS = YES;
				GCC_OPTIMIZATION_LEVEL = 0;
				GCC_PREPROCESSOR_DEFINITIONS = (
					"DEBUG=1",
					"$(inherited)",
				);
				GCC_WARN_64_TO_32_BIT_CONVERSION = YES;
				GCC_WARN_ABOUT_RETURN_TYPE = YES_ERROR;
				GCC_WARN_UNDECLARED_SELECTOR = YES;
				GCC_WARN_UNINITIALIZED_AUTOS = YES_AGGRESSIVE;
				GCC_WARN_UNUSED_FUNCTION = YES;
				GCC_WARN_UNUSED_VARIABLE = YES;
				IPHONEOS_DEPLOYMENT_TARGET = 16.1;
				MTL_ENABLE_DEBUG_INFO = INCLUDE_SOURCE;
				MTL_FAST_MATH = YES;
				ONLY_ACTIVE_ARCH = YES;
				SDKROOT = iphoneos;
				SWIFT_ACTIVE_COMPILATION_CONDITIONS = DEBUG;
				SWIFT_OPTIMIZATION_LEVEL = "-Onone";
			};
			name = Debug;
		};
		478F560728F29A470069486C /* Release */ = {
			isa = XCBuildConfiguration;
			buildSettings = {
				ALWAYS_SEARCH_USER_PATHS = NO;
				CLANG_ANALYZER_NONNULL = YES;
				CLANG_ANALYZER_NUMBER_OBJECT_CONVERSION = YES_AGGRESSIVE;
				CLANG_CXX_LANGUAGE_STANDARD = "gnu++20";
				CLANG_ENABLE_MODULES = YES;
				CLANG_ENABLE_OBJC_ARC = YES;
				CLANG_ENABLE_OBJC_WEAK = YES;
				CLANG_WARN_BLOCK_CAPTURE_AUTORELEASING = YES;
				CLANG_WARN_BOOL_CONVERSION = YES;
				CLANG_WARN_COMMA = YES;
				CLANG_WARN_CONSTANT_CONVERSION = YES;
				CLANG_WARN_DEPRECATED_OBJC_IMPLEMENTATIONS = YES;
				CLANG_WARN_DIRECT_OBJC_ISA_USAGE = YES_ERROR;
				CLANG_WARN_DOCUMENTATION_COMMENTS = YES;
				CLANG_WARN_EMPTY_BODY = YES;
				CLANG_WARN_ENUM_CONVERSION = YES;
				CLANG_WARN_INFINITE_RECURSION = YES;
				CLANG_WARN_INT_CONVERSION = YES;
				CLANG_WARN_NON_LITERAL_NULL_CONVERSION = YES;
				CLANG_WARN_OBJC_IMPLICIT_RETAIN_SELF = YES;
				CLANG_WARN_OBJC_LITERAL_CONVERSION = YES;
				CLANG_WARN_OBJC_ROOT_CLASS = YES_ERROR;
				CLANG_WARN_QUOTED_INCLUDE_IN_FRAMEWORK_HEADER = YES;
				CLANG_WARN_RANGE_LOOP_ANALYSIS = YES;
				CLANG_WARN_STRICT_PROTOTYPES = YES;
				CLANG_WARN_SUSPICIOUS_MOVE = YES;
				CLANG_WARN_UNGUARDED_AVAILABILITY = YES_AGGRESSIVE;
				CLANG_WARN_UNREACHABLE_CODE = YES;
				CLANG_WARN__DUPLICATE_METHOD_MATCH = YES;
				COPY_PHASE_STRIP = NO;
				DEBUG_INFORMATION_FORMAT = "dwarf-with-dsym";
				ENABLE_NS_ASSERTIONS = NO;
				ENABLE_STRICT_OBJC_MSGSEND = YES;
				GCC_C_LANGUAGE_STANDARD = gnu11;
				GCC_NO_COMMON_BLOCKS = YES;
				GCC_WARN_64_TO_32_BIT_CONVERSION = YES;
				GCC_WARN_ABOUT_RETURN_TYPE = YES_ERROR;
				GCC_WARN_UNDECLARED_SELECTOR = YES;
				GCC_WARN_UNINITIALIZED_AUTOS = YES_AGGRESSIVE;
				GCC_WARN_UNUSED_FUNCTION = YES;
				GCC_WARN_UNUSED_VARIABLE = YES;
				IPHONEOS_DEPLOYMENT_TARGET = 16.1;
				MTL_ENABLE_DEBUG_INFO = NO;
				MTL_FAST_MATH = YES;
				SDKROOT = iphoneos;
				SWIFT_COMPILATION_MODE = wholemodule;
				SWIFT_OPTIMIZATION_LEVEL = "-O";
				VALIDATE_PRODUCT = YES;
			};
			name = Release;
		};
		478F560928F29A470069486C /* Debug */ = {
			isa = XCBuildConfiguration;
			buildSettings = {
				ASSETCATALOG_COMPILER_APPICON_NAME = AppIcon;
				ASSETCATALOG_COMPILER_GLOBAL_ACCENT_COLOR_NAME = AccentColor;
				CODE_SIGN_STYLE = Automatic;
				CURRENT_PROJECT_VERSION = 1;
				DEVELOPMENT_ASSET_PATHS = "\"UI-693/Preview Content\"";
				DEVELOPMENT_TEAM = 8CL4U468K5;
				ENABLE_PREVIEWS = YES;
				GENERATE_INFOPLIST_FILE = YES;
				INFOPLIST_KEY_UIApplicationSceneManifest_Generation = YES;
				INFOPLIST_KEY_UIApplicationSupportsIndirectInputEvents = YES;
				INFOPLIST_KEY_UILaunchScreen_Generation = YES;
				INFOPLIST_KEY_UISupportedInterfaceOrientations_iPad = "UIInterfaceOrientationPortrait UIInterfaceOrientationPortraitUpsideDown UIInterfaceOrientationLandscapeLeft UIInterfaceOrientationLandscapeRight";
				INFOPLIST_KEY_UISupportedInterfaceOrientations_iPhone = "UIInterfaceOrientationPortrait UIInterfaceOrientationLandscapeLeft UIInterfaceOrientationLandscapeRight";
				LD_RUNPATH_SEARCH_PATHS = (
					"$(inherited)",
					"@executable_path/Frameworks",
				);
				MARKETING_VERSION = 1.0;
				PRODUCT_BUNDLE_IDENTIFIER = "com.585.UI-693";
				PRODUCT_NAME = "$(TARGET_NAME)";
				SWIFT_EMIT_LOC_STRINGS = YES;
				SWIFT_VERSION = 5.0;
				TARGETED_DEVICE_FAMILY = "1,2";
			};
			name = Debug;
		};
		478F560A28F29A470069486C /* Release */ = {
			isa = XCBuildConfiguration;
			buildSettings = {
				ASSETCATALOG_COMPILER_APPICON_NAME = AppIcon;
				ASSETCATALOG_COMPILER_GLOBAL_ACCENT_COLOR_NAME = AccentColor;
				CODE_SIGN_STYLE = Automatic;
				CURRENT_PROJECT_VERSION = 1;
				DEVELOPMENT_ASSET_PATHS = "\"UI-693/Preview Content\"";
				DEVELOPMENT_TEAM = 8CL4U468K5;
				ENABLE_PREVIEWS = YES;
				GENERATE_INFOPLIST_FILE = YES;
				INFOPLIST_KEY_UIApplicationSceneManifest_Generation = YES;
				INFOPLIST_KEY_UIApplicationSupportsIndirectInputEvents = YES;
				INFOPLIST_KEY_UILaunchScreen_Generation = YES;
				INFOPLIST_KEY_UISupportedInterfaceOrientations_iPad = "UIInterfaceOrientationPortrait UIInterfaceOrientationPortraitUpsideDown UIInterfaceOrientationLandscapeLeft UIInterfaceOrientationLandscapeRight";
				INFOPLIST_KEY_UISupportedInterfaceOrientations_iPhone = "UIInterfaceOrientationPortrait UIInterfaceOrientationLandscapeLeft UIInterfaceOrientationLandscapeRight";
				LD_RUNPATH_SEARCH_PATHS = (
					"$(inherited)",
					"@executable_path/Frameworks",
				);
				MARKETING_VERSION = 1.0;
				PRODUCT_BUNDLE_IDENTIFIER = "com.585.UI-693";
				PRODUCT_NAME = "$(TARGET_NAME)";
				SWIFT_EMIT_LOC_STRINGS = YES;
				SWIFT_VERSION = 5.0;
				TARGETED_DEVICE_FAMILY = "1,2";
			};
			name = Release;
		};
		478F560C28F29A470069486C /* Debug */ = {
			isa = XCBuildConfiguration;
			buildSettings = {
				ALWAYS_EMBED_SWIFT_STANDARD_LIBRARIES = YES;
				BUNDLE_LOADER = "$(TEST_HOST)";
				CODE_SIGN_STYLE = Automatic;
				CURRENT_PROJECT_VERSION = 1;
				DEVELOPMENT_TEAM = 8CL4U468K5;
				GENERATE_INFOPLIST_FILE = YES;
				IPHONEOS_DEPLOYMENT_TARGET = 16.1;
				MARKETING_VERSION = 1.0;
				PRODUCT_BUNDLE_IDENTIFIER = "com.585.UI-693Tests";
				PRODUCT_NAME = "$(TARGET_NAME)";
				SWIFT_EMIT_LOC_STRINGS = NO;
				SWIFT_VERSION = 5.0;
				TARGETED_DEVICE_FAMILY = "1,2";
				TEST_HOST = "$(BUILT_PRODUCTS_DIR)/UI-693.app/$(BUNDLE_EXECUTABLE_FOLDER_PATH)/UI-693";
			};
			name = Debug;
		};
		478F560D28F29A470069486C /* Release */ = {
			isa = XCBuildConfiguration;
			buildSettings = {
				ALWAYS_EMBED_SWIFT_STANDARD_LIBRARIES = YES;
				BUNDLE_LOADER = "$(TEST_HOST)";
				CODE_SIGN_STYLE = Automatic;
				CURRENT_PROJECT_VERSION = 1;
				DEVELOPMENT_TEAM = 8CL4U468K5;
				GENERATE_INFOPLIST_FILE = YES;
				IPHONEOS_DEPLOYMENT_TARGET = 16.1;
				MARKETING_VERSION = 1.0;
				PRODUCT_BUNDLE_IDENTIFIER = "com.585.UI-693Tests";
				PRODUCT_NAME = "$(TARGET_NAME)";
				SWIFT_EMIT_LOC_STRINGS = NO;
				SWIFT_VERSION = 5.0;
				TARGETED_DEVICE_FAMILY = "1,2";
				TEST_HOST = "$(BUILT_PRODUCTS_DIR)/UI-693.app/$(BUNDLE_EXECUTABLE_FOLDER_PATH)/UI-693";
			};
			name = Release;
		};
		478F560F28F29A470069486C /* Debug */ = {
			isa = XCBuildConfiguration;
			buildSettings = {
				ALWAYS_EMBED_SWIFT_STANDARD_LIBRARIES = YES;
				CODE_SIGN_STYLE = Automatic;
				CURRENT_PROJECT_VERSION = 1;
				DEVELOPMENT_TEAM = 8CL4U468K5;
				GENERATE_INFOPLIST_FILE = YES;
				MARKETING_VERSION = 1.0;
				PRODUCT_BUNDLE_IDENTIFIER = "com.585.UI-693UITests";
				PRODUCT_NAME = "$(TARGET_NAME)";
				SWIFT_EMIT_LOC_STRINGS = NO;
				SWIFT_VERSION = 5.0;
				TARGETED_DEVICE_FAMILY = "1,2";
				TEST_TARGET_NAME = "UI-693";
			};
			name = Debug;
		};
		478F561028F29A470069486C /* Release */ = {
			isa = XCBuildConfiguration;
			buildSettings = {
				ALWAYS_EMBED_SWIFT_STANDARD_LIBRARIES = YES;
				CODE_SIGN_STYLE = Automatic;
				CURRENT_PROJECT_VERSION = 1;
				DEVELOPMENT_TEAM = 8CL4U468K5;
				GENERATE_INFOPLIST_FILE = YES;
				MARKETING_VERSION = 1.0;
				PRODUCT_BUNDLE_IDENTIFIER = "com.585.UI-693UITests";
				PRODUCT_NAME = "$(TARGET_NAME)";
				SWIFT_EMIT_LOC_STRINGS = NO;
				SWIFT_VERSION = 5.0;
				TARGETED_DEVICE_FAMILY = "1,2";
				TEST_TARGET_NAME = "UI-693";
			};
			name = Release;
		};
/* End XCBuildConfiguration section */

/* Begin XCConfigurationList section */
		478F55DF28F29A460069486C /* Build configuration list for PBXProject "UI-693" */ = {
			isa = XCConfigurationList;
			buildConfigurations = (
				478F560628F29A470069486C /* Debug */,
				478F560728F29A470069486C /* Release */,
			);
			defaultConfigurationIsVisible = 0;
			defaultConfigurationName = Release;
		};
		478F560828F29A470069486C /* Build configuration list for PBXNativeTarget "UI-693" */ = {
			isa = XCConfigurationList;
			buildConfigurations = (
				478F560928F29A470069486C /* Debug */,
				478F560A28F29A470069486C /* Release */,
			);
			defaultConfigurationIsVisible = 0;
			defaultConfigurationName = Release;
		};
		478F560B28F29A470069486C /* Build configuration list for PBXNativeTarget "UI-693Tests" */ = {
			isa = XCConfigurationList;
			buildConfigurations = (
				478F560C28F29A470069486C /* Debug */,
				478F560D28F29A470069486C /* Release */,
			);
			defaultConfigurationIsVisible = 0;
			defaultConfigurationName = Release;
		};
		478F560E28F29A470069486C /* Build configuration list for PBXNativeTarget "UI-693UITests" */ = {
			isa = XCConfigurationList;
			buildConfigurations = (
				478F560F28F29A470069486C /* Debug */,
				478F561028F29A470069486C /* Release */,
			);
			defaultConfigurationIsVisible = 0;
			defaultConfigurationName = Release;
		};
/* End XCConfigurationList section */
	};
	rootObject = 478F55DC28F29A460069486C /* Project object */;
}
